
Microsoft Visual Studio Solution File, Format Version 12.00
# Visual Studio Version 17
VisualStudioVersion = 17.7.34024.191
MinimumVisualStudioVersion = 10.0.40219.1
Project("{FAE04EC0-301F-11D3-BF4B-00C04F79EFBC}") = "Tabla de Multiplicar", "Tabla de Multiplicar\Tabla de Multiplicar.csproj", "{5468C6CF-CE79-4FA6-80D4-466E637BE8B6}"
EndProject
Global
	GlobalSection(SolutionConfigurationPlatforms) = preSolution
		Debug|Any CPU = Debug|Any CPU
		Release|Any CPU = Release|Any CPU
	EndGlobalSection
	GlobalSection(ProjectConfigurationPlatforms) = postSolution
		{5468C6CF-CE79-4FA6-80D4-466E637BE8B6}.Debug|Any CPU.ActiveCfg = Debug|Any CPU
		{5468C6CF-CE79-4FA6-80D4-466E637BE8B6}.Debug|Any CPU.Build.0 = Debug|Any CPU
		{5468C6CF-CE79-4FA6-80D4-466E637BE8B6}.Release|Any CPU.ActiveCfg = Release|Any CPU
		{5468C6CF-CE79-4FA6-80D4-466E637BE8B6}.Release|Any CPU.Build.0 = Release|Any CPU
	EndGlobalSection
	GlobalSection(SolutionProperties) = preSolution
		HideSolutionNode = FALSE
	EndGlobalSection
	GlobalSection(ExtensibilityGlobals) = postSolution
		SolutionGuid = {36F51615-3667-4B85-B762-9535A4BDD882}
	EndGlobalSection
EndGlobal
